
Microsoft Visual Studio Solution File, Format Version 12.00
# Visual Studio Version 16
VisualStudioVersion = 16.0.32510.428
MinimumVisualStudioVersion = 10.0.40219.1
Project("{FAE04EC0-301F-11D3-BF4B-00C04F79EFBC}") = "TodoAppBackend", "TodoAppBackend.csproj", "{9989C6AA-3E44-415F-894C-24D58ACA88A4}"
EndProject
Global
	GlobalSection(SolutionConfigurationPlatforms) = preSolution
		Debug|Any CPU = Debug|Any CPU
		Release|Any CPU = Release|Any CPU
	EndGlobalSection
	GlobalSection(ProjectConfigurationPlatforms) = postSolution
		{9989C6AA-3E44-415F-894C-24D58ACA88A4}.Debug|Any CPU.ActiveCfg = Debug|Any CPU
		{9989C6AA-3E44-415F-894C-24D58ACA88A4}.Debug|Any CPU.Build.0 = Debug|Any CPU
		{9989C6AA-3E44-415F-894C-24D58ACA88A4}.Release|Any CPU.ActiveCfg = Release|Any CPU
		{9989C6AA-3E44-415F-894C-24D58ACA88A4}.Release|Any CPU.Build.0 = Release|Any CPU
	EndGlobalSection
	GlobalSection(SolutionProperties) = preSolution
		HideSolutionNode = FALSE
	EndGlobalSection
	GlobalSection(ExtensibilityGlobals) = postSolution
		SolutionGuid = {3D162E7B-EF16-474E-8939-5F8C2255177E}
	EndGlobalSection
EndGlobal
